// !$*UTF8*$!
{
	archiveVersion = 1;
	classes = {
	};
	objectVersion = 56;
	objects = {

/* Begin PBXBuildFile section */
		FB06F0CD296967EB004125B1 /* NFTApp.swift in Sources */ = {isa = PBXBuildFile; fileRef = FB06F0CC296967EB004125B1 /* NFTApp.swift */; };
		FB06F0D1296967EE004125B1 /* Assets.xcassets in Resources */ = {isa = PBXBuildFile; fileRef = FB06F0D0296967EE004125B1 /* Assets.xcassets */; };
		FB06F0D4296967EE004125B1 /* Preview Assets.xcassets in Resources */ = {isa = PBXBuildFile; fileRef = FB06F0D3296967EE004125B1 /* Preview Assets.xcassets */; };
		FB06F0DC29696A85004125B1 /* Welcome.swift in Sources */ = {isa = PBXBuildFile; fileRef = FB06F0DB29696A85004125B1 /* Welcome.swift */; };
		FB06F0DE2969740E004125B1 /* Home.swift in Sources */ = {isa = PBXBuildFile; fileRef = FB06F0DD2969740E004125B1 /* Home.swift */; };
		FB06F0E12969818C004125B1 /* size.swift in Sources */ = {isa = PBXBuildFile; fileRef = FB06F0E02969818C004125B1 /* size.swift */; };
		FBA405E5296B295E00696A90 /* NftDetail.swift in Sources */ = {isa = PBXBuildFile; fileRef = FBA405E4296B295E00696A90 /* NftDetail.swift */; };
		FBFAFEBD296B112F00C8FFBA /* BlurView.swift in Sources */ = {isa = PBXBuildFile; fileRef = FBFAFEBC296B112F00C8FFBA /* BlurView.swift */; };
/* End PBXBuildFile section */

/* Begin PBXFileReference section */
		FB06F0C9296967EB004125B1 /* NFT.app */ = {isa = PBXFileReference; explicitFileType = wrapper.application; includeInIndex = 0; path = NFT.app; sourceTree = BUILT_PRODUCTS_DIR; };
		FB06F0CC296967EB004125B1 /* NFTApp.swift */ = {isa = PBXFileReference; lastKnownFileType = sourcecode.swift; path = NFTApp.swift; sourceTree = "<group>"; };
		FB06F0D0296967EE004125B1 /* Assets.xcassets */ = {isa = PBXFileReference; lastKnownFileType = folder.assetcatalog; path = Assets.xcassets; sourceTree = "<group>"; };
		FB06F0D3296967EE004125B1 /* Preview Assets.xcassets */ = {isa = PBXFileReference; lastKnownFileType = folder.assetcatalog; path = "Preview Assets.xcassets"; sourceTree = "<group>"; };
		FB06F0DB29696A85004125B1 /* Welcome.swift */ = {isa = PBXFileReference; lastKnownFileType = sourcecode.swift; path = Welcome.swift; sourceTree = "<group>"; };
		FB06F0DD2969740E004125B1 /* Home.swift */ = {isa = PBXFileReference; lastKnownFileType = sourcecode.swift; path = Home.swift; sourceTree = "<group>"; };
		FB06F0E02969818C004125B1 /* size.swift */ = {isa = PBXFileReference; lastKnownFileType = sourcecode.swift; path = size.swift; sourceTree = "<group>"; };
		FBA405E4296B295E00696A90 /* NftDetail.swift */ = {isa = PBXFileReference; lastKnownFileType = sourcecode.swift; path = NftDetail.swift; sourceTree = "<group>"; };
		FBFAFEBC296B112F00C8FFBA /* BlurView.swift */ = {isa = PBXFileReference; lastKnownFileType = sourcecode.swift; path = BlurView.swift; sourceTree = "<group>"; };
/* End PBXFileReference section */

/* Begin PBXFrameworksBuildPhase section */
		FB06F0C6296967EB004125B1 /* Frameworks */ = {
			isa = PBXFrameworksBuildPhase;
			buildActionMask = 2147483647;
			files = (
			);
			runOnlyForDeploymentPostprocessing = 0;
		};
/* End PBXFrameworksBuildPhase section */

/* Begin PBXGroup section */
		FB06F0C0296967EA004125B1 = {
			isa = PBXGroup;
			children = (
				FB06F0CB296967EB004125B1 /* NFT */,
				FB06F0CA296967EB004125B1 /* Products */,
			);
			sourceTree = "<group>";
		};
		FB06F0CA296967EB004125B1 /* Products */ = {
			isa = PBXGroup;
			children = (
				FB06F0C9296967EB004125B1 /* NFT.app */,
			);
			name = Products;
			sourceTree = "<group>";
		};
		FB06F0CB296967EB004125B1 /* NFT */ = {
			isa = PBXGroup;
			children = (
				FB06F0DF29698160004125B1 /* utils */,
				FBFAFEBB296B110500C8FFBA /* components */,
				FB06F0DA29696A60004125B1 /* views */,
				FB06F0CC296967EB004125B1 /* NFTApp.swift */,
				FB06F0D0296967EE004125B1 /* Assets.xcassets */,
				FB06F0D2296967EE004125B1 /* Preview Content */,
			);
			path = NFT;
			sourceTree = "<group>";
		};
		FB06F0D2296967EE004125B1 /* Preview Content */ = {
			isa = PBXGroup;
			children = (
				FB06F0D3296967EE004125B1 /* Preview Assets.xcassets */,
			);
			path = "Preview Content";
			sourceTree = "<group>";
		};
		FB06F0DA29696A60004125B1 /* views */ = {
			isa = PBXGroup;
			children = (
				FB06F0DB29696A85004125B1 /* Welcome.swift */,
				FB06F0DD2969740E004125B1 /* Home.swift */,
				FBA405E4296B295E00696A90 /* NftDetail.swift */,
			);
			path = views;
			sourceTree = "<group>";
		};
		FB06F0DF29698160004125B1 /* utils */ = {
			isa = PBXGroup;
			children = (
				FB06F0E02969818C004125B1 /* size.swift */,
			);
			path = utils;
			sourceTree = "<group>";
		};
		FBFAFEBB296B110500C8FFBA /* components */ = {
			isa = PBXGroup;
			children = (
				FBFAFEBC296B112F00C8FFBA /* BlurView.swift */,
			);
			path = components;
			sourceTree = "<group>";
		};
/* End PBXGroup section */

/* Begin PBXNativeTarget section */
		FB06F0C8296967EB004125B1 /* NFT */ = {
			isa = PBXNativeTarget;
			buildConfigurationList = FB06F0D7296967EE004125B1 /* Build configuration list for PBXNativeTarget "NFT" */;
			buildPhases = (
				FB06F0C5296967EB004125B1 /* Sources */,
				FB06F0C6296967EB004125B1 /* Frameworks */,
				FB06F0C7296967EB004125B1 /* Resources */,
			);
			buildRules = (
			);
			dependencies = (
			);
			name = NFT;
			productName = NFT;
			productReference = FB06F0C9296967EB004125B1 /* NFT.app */;
			productType = "com.apple.product-type.application";
		};
/* End PBXNativeTarget section */

/* Begin PBXProject section */
		FB06F0C1296967EA004125B1 /* Project object */ = {
			isa = PBXProject;
			attributes = {
				BuildIndependentTargetsInParallel = 1;
				LastSwiftUpdateCheck = 1420;
				LastUpgradeCheck = 1420;
				TargetAttributes = {
					FB06F0C8296967EB004125B1 = {
						CreatedOnToolsVersion = 14.2;
					};
				};
			};
			buildConfigurationList = FB06F0C4296967EA004125B1 /* Build configuration list for PBXProject "NFT" */;
			compatibilityVersion = "Xcode 14.0";
			developmentRegion = en;
			hasScannedForEncodings = 0;
			knownRegions = (
				en,
				Base,
			);
			mainGroup = FB06F0C0296967EA004125B1;
			productRefGroup = FB06F0CA296967EB004125B1 /* Products */;
			projectDirPath = "";
			projectRoot = "";
			targets = (
				FB06F0C8296967EB004125B1 /* NFT */,
			);
		};
/* End PBXProject section */

/* Begin PBXResourcesBuildPhase section */
		FB06F0C7296967EB004125B1 /* Resources */ = {
			isa = PBXResourcesBuildPhase;
			buildActionMask = 2147483647;
			files = (
				FB06F0D4296967EE004125B1 /* Preview Assets.xcassets in Resources */,
				FB06F0D1296967EE004125B1 /* Assets.xcassets in Resources */,
			);
			runOnlyForDeploymentPostprocessing = 0;
		};
/* End PBXResourcesBuildPhase section */

/* Begin PBXSourcesBuildPhase section */
		FB06F0C5296967EB004125B1 /* Sources */ = {
			isa = PBXSourcesBuildPhase;
			buildActionMask = 2147483647;
			files = (
				FB06F0DC29696A85004125B1 /* Welcome.swift in Sources */,
				FBA405E5296B295E00696A90 /* NftDetail.swift in Sources */,
				FB06F0DE2969740E004125B1 /* Home.swift in Sources */,
				FBFAFEBD296B112F00C8FFBA /* BlurView.swift in Sources */,
				FB06F0CD296967EB004125B1 /* NFTApp.swift in Sources */,
				FB06F0E12969818C004125B1 /* size.swift in Sources */,
			);
			runOnlyForDeploymentPostprocessing = 0;
		};
/* End PBXSourcesBuildPhase section */

/* Begin XCBuildConfiguration section */
		FB06F0D5296967EE004125B1 /* Debug */ = {
			isa = XCBuildConfiguration;
			buildSettings = {
				ALWAYS_SEARCH_USER_PATHS = NO;
				CLANG_ANALYZER_NONNULL = YES;
				CLANG_ANALYZER_NUMBER_OBJECT_CONVERSION = YES_AGGRESSIVE;
				CLANG_CXX_LANGUAGE_STANDARD = "gnu++20";
				CLANG_ENABLE_MODULES = YES;
				CLANG_ENABLE_OBJC_ARC = YES;
				CLANG_ENABLE_OBJC_WEAK = YES;
				CLANG_WARN_BLOCK_CAPTURE_AUTORELEASING = YES;
				CLANG_WARN_BOOL_CONVERSION = YES;
				CLANG_WARN_COMMA = YES;
				CLANG_WARN_CONSTANT_CONVERSION = YES;
				CLANG_WARN_DEPRECATED_OBJC_IMPLEMENTATIONS = YES;
				CLANG_WARN_DIRECT_OBJC_ISA_USAGE = YES_ERROR;
				CLANG_WARN_DOCUMENTATION_COMMENTS = YES;
				CLANG_WARN_EMPTY_BODY = YES;
				CLANG_WARN_ENUM_CONVERSION = YES;
				CLANG_WARN_INFINITE_RECURSION = YES;
				CLANG_WARN_INT_CONVERSION = YES;
				CLANG_WARN_NON_LITERAL_NULL_CONVERSION = YES;
				CLANG_WARN_OBJC_IMPLICIT_RETAIN_SELF = YES;
				CLANG_WARN_OBJC_LITERAL_CONVERSION = YES;
				CLANG_WARN_OBJC_ROOT_CLASS = YES_ERROR;
				CLANG_WARN_QUOTED_INCLUDE_IN_FRAMEWORK_HEADER = YES;
				CLANG_WARN_RANGE_LOOP_ANALYSIS = YES;
				CLANG_WARN_STRICT_PROTOTYPES = YES;
				CLANG_WARN_SUSPICIOUS_MOVE = YES;
				CLANG_WARN_UNGUARDED_AVAILABILITY = YES_AGGRESSIVE;
				CLANG_WARN_UNREACHABLE_CODE = YES;
				CLANG_WARN__DUPLICATE_METHOD_MATCH = YES;
				COPY_PHASE_STRIP = NO;
				DEBUG_INFORMATION_FORMAT = dwarf;
				ENABLE_STRICT_OBJC_MSGSEND = YES;
				ENABLE_TESTABILITY = YES;
				GCC_C_LANGUAGE_STANDARD = gnu11;
				GCC_DYNAMIC_NO_PIC = NO;
				GCC_NO_COMMON_BLOCKS = YES;
				GCC_OPTIMIZATION_LEVEL = 0;
				GCC_PREPROCESSOR_DEFINITIONS = (
					"DEBUG=1",
					"$(inherited)",
				);
				GCC_WARN_64_TO_32_BIT_CONVERSION = YES;
				GCC_WARN_ABOUT_RETURN_TYPE = YES_ERROR;
				GCC_WARN_UNDECLARED_SELECTOR = YES;
				GCC_WARN_UNINITIALIZED_AUTOS = YES_AGGRESSIVE;
				GCC_WARN_UNUSED_FUNCTION = YES;
				GCC_WARN_UNUSED_VARIABLE = YES;
				IPHONEOS_DEPLOYMENT_TARGET = 16.2;
				MTL_ENABLE_DEBUG_INFO = INCLUDE_SOURCE;
				MTL_FAST_MATH = YES;
				ONLY_ACTIVE_ARCH = YES;
				SDKROOT = iphoneos;
				SWIFT_ACTIVE_COMPILATION_CONDITIONS = DEBUG;
				SWIFT_OPTIMIZATION_LEVEL = "-Onone";
			};
			name = Debug;
		};
		FB06F0D6296967EE004125B1 /* Release */ = {
			isa = XCBuildConfiguration;
			buildSettings = {
				ALWAYS_SEARCH_USER_PATHS = NO;
				CLANG_ANALYZER_NONNULL = YES;
				CLANG_ANALYZER_NUMBER_OBJECT_CONVERSION = YES_AGGRESSIVE;
				CLANG_CXX_LANGUAGE_STANDARD = "gnu++20";
				CLANG_ENABLE_MODULES = YES;
				CLANG_ENABLE_OBJC_ARC = YES;
				CLANG_ENABLE_OBJC_WEAK = YES;
				CLANG_WARN_BLOCK_CAPTURE_AUTORELEASING = YES;
				CLANG_WARN_BOOL_CONVERSION = YES;
				CLANG_WARN_COMMA = YES;
				CLANG_WARN_CONSTANT_CONVERSION = YES;
				CLANG_WARN_DEPRECATED_OBJC_IMPLEMENTATIONS = YES;
				CLANG_WARN_DIRECT_OBJC_ISA_USAGE = YES_ERROR;
				CLANG_WARN_DOCUMENTATION_COMMENTS = YES;
				CLANG_WARN_EMPTY_BODY = YES;
				CLANG_WARN_ENUM_CONVERSION = YES;
				CLANG_WARN_INFINITE_RECURSION = YES;
				CLANG_WARN_INT_CONVERSION = YES;
				CLANG_WARN_NON_LITERAL_NULL_CONVERSION = YES;
				CLANG_WARN_OBJC_IMPLICIT_RETAIN_SELF = YES;
				CLANG_WARN_OBJC_LITERAL_CONVERSION = YES;
				CLANG_WARN_OBJC_ROOT_CLASS = YES_ERROR;
				CLANG_WARN_QUOTED_INCLUDE_IN_FRAMEWORK_HEADER = YES;
				CLANG_WARN_RANGE_LOOP_ANALYSIS = YES;
				CLANG_WARN_STRICT_PROTOTYPES = YES;
				CLANG_WARN_SUSPICIOUS_MOVE = YES;
				CLANG_WARN_UNGUARDED_AVAILABILITY = YES_AGGRESSIVE;
				CLANG_WARN_UNREACHABLE_CODE = YES;
				CLANG_WARN__DUPLICATE_METHOD_MATCH = YES;
				COPY_PHASE_STRIP = NO;
				DEBUG_INFORMATION_FORMAT = "dwarf-with-dsym";
				ENABLE_NS_ASSERTIONS = NO;
				ENABLE_STRICT_OBJC_MSGSEND = YES;
				GCC_C_LANGUAGE_STANDARD = gnu11;
				GCC_NO_COMMON_BLOCKS = YES;
				GCC_WARN_64_TO_32_BIT_CONVERSION = YES;
				GCC_WARN_ABOUT_RETURN_TYPE = YES_ERROR;
				GCC_WARN_UNDECLARED_SELECTOR = YES;
				GCC_WARN_UNINITIALIZED_AUTOS = YES_AGGRESSIVE;
				GCC_WARN_UNUSED_FUNCTION = YES;
				GCC_WARN_UNUSED_VARIABLE = YES;
				IPHONEOS_DEPLOYMENT_TARGET = 16.2;
				MTL_ENABLE_DEBUG_INFO = NO;
				MTL_FAST_MATH = YES;
				SDKROOT = iphoneos;
				SWIFT_COMPILATION_MODE = wholemodule;
				SWIFT_OPTIMIZATION_LEVEL = "-O";
				VALIDATE_PRODUCT = YES;
			};
			name = Release;
		};
		FB06F0D8296967EE004125B1 /* Debug */ = {
			isa = XCBuildConfiguration;
			buildSettings = {
				ASSETCATALOG_COMPILER_APPICON_NAME = AppIcon;
				ASSETCATALOG_COMPILER_GLOBAL_ACCENT_COLOR_NAME = AccentColor;
				CODE_SIGN_STYLE = Automatic;
				CURRENT_PROJECT_VERSION = 1;
				DEVELOPMENT_ASSET_PATHS = "\"NFT/Preview Content\"";
				DEVELOPMENT_TEAM = Y4CFMLZL62;
				ENABLE_PREVIEWS = YES;
				GENERATE_INFOPLIST_FILE = YES;
				INFOPLIST_KEY_CFBundleDisplayName = NFT;
				INFOPLIST_KEY_LSApplicationCategoryType = "public.app-category.shopping";
				INFOPLIST_KEY_UIApplicationSceneManifest_Generation = YES;
				INFOPLIST_KEY_UIApplicationSupportsIndirectInputEvents = YES;
				INFOPLIST_KEY_UILaunchScreen_Generation = YES;
				INFOPLIST_KEY_UISupportedInterfaceOrientations_iPad = "UIInterfaceOrientationPortrait UIInterfaceOrientationPortraitUpsideDown UIInterfaceOrientationLandscapeLeft UIInterfaceOrientationLandscapeRight";
				INFOPLIST_KEY_UISupportedInterfaceOrientations_iPhone = "UIInterfaceOrientationPortrait UIInterfaceOrientationLandscapeLeft UIInterfaceOrientationLandscapeRight";
				IPHONEOS_DEPLOYMENT_TARGET = 16.0;
				LD_RUNPATH_SEARCH_PATHS = (
					"$(inherited)",
					"@executable_path/Frameworks",
				);
				MARKETING_VERSION = 1.0;
				PRODUCT_BUNDLE_IDENTIFIER = com.example.NFT;
				PRODUCT_NAME = "$(TARGET_NAME)";
				SUPPORTED_PLATFORMS = "iphoneos iphonesimulator";
				SUPPORTS_MACCATALYST = NO;
				SUPPORTS_MAC_DESIGNED_FOR_IPHONE_IPAD = NO;
				SWIFT_EMIT_LOC_STRINGS = YES;
				SWIFT_VERSION = 5.0;
				TARGETED_DEVICE_FAMILY = "1,2";
			};
			name = Debug;
		};
		FB06F0D9296967EE004125B1 /* Release */ = {
			isa = XCBuildConfiguration;
			buildSettings = {
				ASSETCATALOG_COMPILER_APPICON_NAME = AppIcon;
				ASSETCATALOG_COMPILER_GLOBAL_ACCENT_COLOR_NAME = AccentColor;
				CODE_SIGN_STYLE = Automatic;
				CURRENT_PROJECT_VERSION = 1;
				DEVELOPMENT_ASSET_PATHS = "\"NFT/Preview Content\"";
				DEVELOPMENT_TEAM = Y4CFMLZL62;
				ENABLE_PREVIEWS = YES;
				GENERATE_INFOPLIST_FILE = YES;
				INFOPLIST_KEY_CFBundleDisplayName = NFT;
				INFOPLIST_KEY_LSApplicationCategoryType = "public.app-category.shopping";
				INFOPLIST_KEY_UIApplicationSceneManifest_Generation = YES;
				INFOPLIST_KEY_UIApplicationSupportsIndirectInputEvents = YES;
				INFOPLIST_KEY_UILaunchScreen_Generation = YES;
				INFOPLIST_KEY_UISupportedInterfaceOrientations_iPad = "UIInterfaceOrientationPortrait UIInterfaceOrientationPortraitUpsideDown UIInterfaceOrientationLandscapeLeft UIInterfaceOrientationLandscapeRight";
				INFOPLIST_KEY_UISupportedInterfaceOrientations_iPhone = "UIInterfaceOrientationPortrait UIInterfaceOrientationLandscapeLeft UIInterfaceOrientationLandscapeRight";
				IPHONEOS_DEPLOYMENT_TARGET = 16.0;
				LD_RUNPATH_SEARCH_PATHS = (
					"$(inherited)",
					"@executable_path/Frameworks",
				);
				MARKETING_VERSION = 1.0;
				PRODUCT_BUNDLE_IDENTIFIER = com.example.NFT;
				PRODUCT_NAME = "$(TARGET_NAME)";
				SUPPORTED_PLATFORMS = "iphoneos iphonesimulator";
				SUPPORTS_MACCATALYST = NO;
				SUPPORTS_MAC_DESIGNED_FOR_IPHONE_IPAD = NO;
				SWIFT_EMIT_LOC_STRINGS = YES;
				SWIFT_VERSION = 5.0;
				TARGETED_DEVICE_FAMILY = "1,2";
			};
			name = Release;
		};
/* End XCBuildConfiguration section */

/* Begin XCConfigurationList section */
		FB06F0C4296967EA004125B1 /* Build configuration list for PBXProject "NFT" */ = {
			isa = XCConfigurationList;
			buildConfigurations = (
				FB06F0D5296967EE004125B1 /* Debug */,
				FB06F0D6296967EE004125B1 /* Release */,
			);
			defaultConfigurationIsVisible = 0;
			defaultConfigurationName = Release;
		};
		FB06F0D7296967EE004125B1 /* Build configuration list for PBXNativeTarget "NFT" */ = {
			isa = XCConfigurationList;
			buildConfigurations = (
				FB06F0D8296967EE004125B1 /* Debug */,
				FB06F0D9296967EE004125B1 /* Release */,
			);
			defaultConfigurationIsVisible = 0;
			defaultConfigurationName = Release;
		};
/* End XCConfigurationList section */
	};
	rootObject = FB06F0C1296967EA004125B1 /* Project object */;
}
